// !$*UTF8*$!
{
	archiveVersion = 1;
	classes = {
	};
	objectVersion = 56;
	objects = {

/* Begin PBXBuildFile section */
		7F08494E2F98A3B00068FC55 /* WhisperKit in Frameworks */ = {isa = PBXBuildFile; productRef = 7F08494D2F98A3B00068FC55 /* WhisperKit */; };
		A10000010000000100000001 /* ALVA_TEXTApp.swift in Sources */ = {isa = PBXBuildFile; fileRef = A10001010000000100000001 /* ALVA_TEXTApp.swift */; };
		A10000020000000100000001 /* AppDelegate.swift in Sources */ = {isa = PBXBuildFile; fileRef = A10001020000000100000001 /* AppDelegate.swift */; };
		A10000030000000100000001 /* AppCoordinator.swift in Sources */ = {isa = PBXBuildFile; fileRef = A10001030000000100000001 /* AppCoordinator.swift */; };
		A10000040000000100000001 /* AudioRecorder.swift in Sources */ = {isa = PBXBuildFile; fileRef = A10001040000000100000001 /* AudioRecorder.swift */; };
		A10000050000000100000001 /* OpenAIService.swift in Sources */ = {isa = PBXBuildFile; fileRef = A10001050000000100000001 /* OpenAIService.swift */; };
		A10000060000000100000001 /* PasteService.swift in Sources */ = {isa = PBXBuildFile; fileRef = A10001060000000100000001 /* PasteService.swift */; };
		A10000070000000100000001 /* HotkeyManager.swift in Sources */ = {isa = PBXBuildFile; fileRef = A10001070000000100000001 /* HotkeyManager.swift */; };
		A10000080000000100000001 /* StatusMenuController.swift in Sources */ = {isa = PBXBuildFile; fileRef = A10001080000000100000001 /* StatusMenuController.swift */; };
		A10000090000000100000001 /* SettingsView.swift in Sources */ = {isa = PBXBuildFile; fileRef = A10001090000000100000001 /* SettingsView.swift */; };
		A100000A0000000100000001 /* KeychainStore.swift in Sources */ = {isa = PBXBuildFile; fileRef = A100010A0000000100000001 /* KeychainStore.swift */; };
		A100000B0000000100000001 /* Assets.xcassets in Resources */ = {isa = PBXBuildFile; fileRef = A100010B0000000100000001 /* Assets.xcassets */; };
		A100000C0000000100000001 /* PrivacyInfo.xcprivacy in Resources */ = {isa = PBXBuildFile; fileRef = A100010C0000000100000001 /* PrivacyInfo.xcprivacy */; };
		A100000E0000000100000001 /* LocalWhisperTranscriber.swift in Sources */ = {isa = PBXBuildFile; fileRef = A100010E0000000100000001 /* LocalWhisperTranscriber.swift */; };
/* End PBXBuildFile section */

/* Begin PBXFileReference section */
		A10000F00000000100000001 /* ALVA-TEXT.app */ = {isa = PBXFileReference; explicitFileType = wrapper.application; includeInIndex = 0; path = "ALVA-TEXT.app"; sourceTree = BUILT_PRODUCTS_DIR; };
		A10001010000000100000001 /* ALVA_TEXTApp.swift */ = {isa = PBXFileReference; lastKnownFileType = sourcecode.swift; path = ALVA_TEXTApp.swift; sourceTree = "<group>"; };
		A10001020000000100000001 /* AppDelegate.swift */ = {isa = PBXFileReference; lastKnownFileType = sourcecode.swift; path = AppDelegate.swift; sourceTree = "<group>"; };
		A10001030000000100000001 /* AppCoordinator.swift */ = {isa = PBXFileReference; lastKnownFileType = sourcecode.swift; path = AppCoordinator.swift; sourceTree = "<group>"; };
		A10001040000000100000001 /* AudioRecorder.swift */ = {isa = PBXFileReference; lastKnownFileType = sourcecode.swift; path = AudioRecorder.swift; sourceTree = "<group>"; };
		A10001050000000100000001 /* OpenAIService.swift */ = {isa = PBXFileReference; lastKnownFileType = sourcecode.swift; path = OpenAIService.swift; sourceTree = "<group>"; };
		A10001060000000100000001 /* PasteService.swift */ = {isa = PBXFileReference; lastKnownFileType = sourcecode.swift; path = PasteService.swift; sourceTree = "<group>"; };
		A10001070000000100000001 /* HotkeyManager.swift */ = {isa = PBXFileReference; lastKnownFileType = sourcecode.swift; path = HotkeyManager.swift; sourceTree = "<group>"; };
		A10001080000000100000001 /* StatusMenuController.swift */ = {isa = PBXFileReference; lastKnownFileType = sourcecode.swift; path = StatusMenuController.swift; sourceTree = "<group>"; };
		A10001090000000100000001 /* SettingsView.swift */ = {isa = PBXFileReference; lastKnownFileType = sourcecode.swift; path = SettingsView.swift; sourceTree = "<group>"; };
		A100010A0000000100000001 /* KeychainStore.swift */ = {isa = PBXFileReference; lastKnownFileType = sourcecode.swift; path = KeychainStore.swift; sourceTree = "<group>"; };
		A100010B0000000100000001 /* Assets.xcassets */ = {isa = PBXFileReference; lastKnownFileType = folder.assetcatalog; path = Assets.xcassets; sourceTree = "<group>"; };
		A100010C0000000100000001 /* PrivacyInfo.xcprivacy */ = {isa = PBXFileReference; lastKnownFileType = text.xml; path = PrivacyInfo.xcprivacy; sourceTree = "<group>"; };
		A100010D0000000100000001 /* ALVA_TEXT.entitlements */ = {isa = PBXFileReference; lastKnownFileType = text.plist.entitlements; path = ALVA_TEXT.entitlements; sourceTree = "<group>"; };
		A100010E0000000100000001 /* LocalWhisperTranscriber.swift */ = {isa = PBXFileReference; lastKnownFileType = sourcecode.swift; path = LocalWhisperTranscriber.swift; sourceTree = "<group>"; };
		A10001100000000100000001 /* Info.plist */ = {isa = PBXFileReference; lastKnownFileType = text.plist.xml; path = Info.plist; sourceTree = "<group>"; };
/* End PBXFileReference section */

/* Begin PBXFrameworksBuildPhase section */
		A10002000000000100000001 /* Frameworks */ = {
			isa = PBXFrameworksBuildPhase;
			buildActionMask = 2147483647;
			files = (
				7F08494E2F98A3B00068FC55 /* WhisperKit in Frameworks */,
			);
			runOnlyForDeploymentPostprocessing = 0;
		};
/* End PBXFrameworksBuildPhase section */

/* Begin PBXGroup section */
		A10003000000000100000001 = {
			isa = PBXGroup;
			children = (
				A10003100000000100000001 /* ALVA_TEXT */,
				A10003200000000100000001 /* Products */,
			);
			sourceTree = "<group>";
		};
		A10003100000000100000001 /* ALVA_TEXT */ = {
			isa = PBXGroup;
			children = (
				A10001010000000100000001 /* ALVA_TEXTApp.swift */,
				A10001020000000100000001 /* AppDelegate.swift */,
				A10001030000000100000001 /* AppCoordinator.swift */,
				A10001040000000100000001 /* AudioRecorder.swift */,
				A10001050000000100000001 /* OpenAIService.swift */,
				A10001060000000100000001 /* PasteService.swift */,
				A10001070000000100000001 /* HotkeyManager.swift */,
				A10001080000000100000001 /* StatusMenuController.swift */,
				A10001090000000100000001 /* SettingsView.swift */,
				A100010A0000000100000001 /* KeychainStore.swift */,
				A100010E0000000100000001 /* LocalWhisperTranscriber.swift */,
				A100010B0000000100000001 /* Assets.xcassets */,
				A100010C0000000100000001 /* PrivacyInfo.xcprivacy */,
				A100010D0000000100000001 /* ALVA_TEXT.entitlements */,
				A10001100000000100000001 /* Info.plist */,
			);
			path = ALVA_TEXT;
			sourceTree = "<group>";
		};
		A10003200000000100000001 /* Products */ = {
			isa = PBXGroup;
			children = (
				A10000F00000000100000001 /* ALVA-TEXT.app */,
			);
			name = Products;
			sourceTree = "<group>";
		};
/* End PBXGroup section */

/* Begin PBXNativeTarget section */
		A10004000000000100000001 /* ALVA-TEXT */ = {
			isa = PBXNativeTarget;
			buildConfigurationList = A10007000000000100000001 /* Build configuration list for PBXNativeTarget "ALVA-TEXT" */;
			buildPhases = (
				A10005000000000100000001 /* Sources */,
				A10002000000000100000001 /* Frameworks */,
				A10006000000000100000001 /* Resources */,
			);
			buildRules = (
			);
			dependencies = (
			);
			name = "ALVA-TEXT";
			productName = "ALVA-TEXT";
			productReference = A10000F00000000100000001 /* ALVA-TEXT.app */;
			productType = "com.apple.product-type.application";
		};
/* End PBXNativeTarget section */

/* Begin PBXProject section */
		A10008000000000100000001 /* Project object */ = {
			isa = PBXProject;
			attributes = {
				BuildIndependentTargetsInParallel = 1;
				LastSwiftUpdateCheck = 1600;
				LastUpgradeCheck = 2630;
				TargetAttributes = {
					A10004000000000100000001 = {
						CreatedOnToolsVersion = 16.0;
					};
				};
			};
			buildConfigurationList = A10009000000000100000001 /* Build configuration list for PBXProject "ALVA_TEXT" */;
			compatibilityVersion = "Xcode 14.0";
			developmentRegion = en;
			hasScannedForEncodings = 0;
			knownRegions = (
				en,
				Base,
			);
			mainGroup = A10003000000000100000001;
			packageReferences = (
				7F08494C2F98A3B00068FC55 /* XCRemoteSwiftPackageReference "WhisperKit" */,
			);
			productRefGroup = A10003200000000100000001 /* Products */;
			projectDirPath = "";
			projectRoot = "";
			targets = (
				A10004000000000100000001 /* ALVA-TEXT */,
			);
		};
/* End PBXProject section */

/* Begin PBXResourcesBuildPhase section */
		A10006000000000100000001 /* Resources */ = {
			isa = PBXResourcesBuildPhase;
			buildActionMask = 2147483647;
			files = (
				A100000B0000000100000001 /* Assets.xcassets in Resources */,
				A100000C0000000100000001 /* PrivacyInfo.xcprivacy in Resources */,
			);
			runOnlyForDeploymentPostprocessing = 0;
		};
/* End PBXResourcesBuildPhase section */

/* Begin PBXSourcesBuildPhase section */
		A10005000000000100000001 /* Sources */ = {
			isa = PBXSourcesBuildPhase;
			buildActionMask = 2147483647;
			files = (
				A10000010000000100000001 /* ALVA_TEXTApp.swift in Sources */,
				A10000020000000100000001 /* AppDelegate.swift in Sources */,
				A10000030000000100000001 /* AppCoordinator.swift in Sources */,
				A10000040000000100000001 /* AudioRecorder.swift in Sources */,
				A10000050000000100000001 /* OpenAIService.swift in Sources */,
				A10000060000000100000001 /* PasteService.swift in Sources */,
				A10000070000000100000001 /* HotkeyManager.swift in Sources */,
				A10000080000000100000001 /* StatusMenuController.swift in Sources */,
				A10000090000000100000001 /* SettingsView.swift in Sources */,
				A100000A0000000100000001 /* KeychainStore.swift in Sources */,
				A100000E0000000100000001 /* LocalWhisperTranscriber.swift in Sources */,
			);
			runOnlyForDeploymentPostprocessing = 0;
		};
/* End PBXSourcesBuildPhase section */

/* Begin XCBuildConfiguration section */
		A1000A000000000100000001 /* Debug */ = {
			isa = XCBuildConfiguration;
			buildSettings = {
				ASSETCATALOG_COMPILER_APPICON_NAME = AppIcon;
				CLANG_ENABLE_MODULES = YES;
				CLANG_ENABLE_OBJC_WEAK = YES;
				CODE_SIGN_ENTITLEMENTS = ALVA_TEXT/ALVA_TEXT.entitlements;
				CODE_SIGN_STYLE = Automatic;
				CURRENT_PROJECT_VERSION = 1;
				DEAD_CODE_STRIPPING = YES;
				ENABLE_HARDENED_RUNTIME = YES;
				GENERATE_INFOPLIST_FILE = NO;
				INFOPLIST_FILE = ALVA_TEXT/Info.plist;
				MACOSX_DEPLOYMENT_TARGET = 15.0;
				MARKETING_VERSION = 1.0;
				PRODUCT_BUNDLE_IDENTIFIER = com.alva.text;
				PRODUCT_NAME = "$(TARGET_NAME)";
				SDKROOT = macosx;
				SWIFT_VERSION = 5.0;
			};
			name = Debug;
		};
		A1000A100000000100000001 /* Release */ = {
			isa = XCBuildConfiguration;
			buildSettings = {
				ASSETCATALOG_COMPILER_APPICON_NAME = AppIcon;
				CLANG_ENABLE_MODULES = YES;
				CLANG_ENABLE_OBJC_WEAK = YES;
				CODE_SIGN_ENTITLEMENTS = ALVA_TEXT/ALVA_TEXT.entitlements;
				CODE_SIGN_STYLE = Automatic;
				CURRENT_PROJECT_VERSION = 1;
				DEAD_CODE_STRIPPING = YES;
				ENABLE_HARDENED_RUNTIME = YES;
				GENERATE_INFOPLIST_FILE = NO;
				INFOPLIST_FILE = ALVA_TEXT/Info.plist;
				MACOSX_DEPLOYMENT_TARGET = 15.0;
				MARKETING_VERSION = 1.0;
				PRODUCT_BUNDLE_IDENTIFIER = com.alva.text;
				PRODUCT_NAME = "$(TARGET_NAME)";
				SDKROOT = macosx;
				SWIFT_VERSION = 5.0;
			};
			name = Release;
		};
		A1000B000000000100000001 /* Debug */ = {
			isa = XCBuildConfiguration;
			buildSettings = {
				CLANG_ENABLE_MODULES = YES;
				CLANG_WARN_BLOCK_CAPTURE_AUTORELEASING = YES;
				CLANG_WARN_BOOL_CONVERSION = YES;
				CLANG_WARN_COMMA = YES;
				CLANG_WARN_CONSTANT_CONVERSION = YES;
				CLANG_WARN_DEPRECATED_OBJC_IMPLEMENTATIONS = YES;
				CLANG_WARN_EMPTY_BODY = YES;
				CLANG_WARN_ENUM_CONVERSION = YES;
				CLANG_WARN_INFINITE_RECURSION = YES;
				CLANG_WARN_INT_CONVERSION = YES;
				CLANG_WARN_NON_LITERAL_NULL_CONVERSION = YES;
				CLANG_WARN_OBJC_IMPLICIT_RETAIN_SELF = YES;
				CLANG_WARN_OBJC_LITERAL_CONVERSION = YES;
				CLANG_WARN_QUOTED_INCLUDE_IN_FRAMEWORK_HEADER = YES;
				CLANG_WARN_RANGE_LOOP_ANALYSIS = YES;
				CLANG_WARN_STRICT_PROTOTYPES = YES;
				CLANG_WARN_SUSPICIOUS_MOVE = YES;
				CLANG_WARN_UNREACHABLE_CODE = YES;
				CLANG_WARN__DUPLICATE_METHOD_MATCH = YES;
				DEAD_CODE_STRIPPING = YES;
				ENABLE_STRICT_OBJC_MSGSEND = YES;
				ENABLE_TESTABILITY = YES;
				ENABLE_USER_SCRIPT_SANDBOXING = YES;
				GCC_NO_COMMON_BLOCKS = YES;
				GCC_WARN_64_TO_32_BIT_CONVERSION = YES;
				GCC_WARN_ABOUT_RETURN_TYPE = YES;
				GCC_WARN_UNDECLARED_SELECTOR = YES;
				GCC_WARN_UNINITIALIZED_AUTOS = YES;
				GCC_WARN_UNUSED_FUNCTION = YES;
				GCC_WARN_UNUSED_VARIABLE = YES;
				MACOSX_DEPLOYMENT_TARGET = 15.0;
				ONLY_ACTIVE_ARCH = YES;
				SDKROOT = macosx;
				STRING_CATALOG_GENERATE_SYMBOLS = YES;
				SWIFT_VERSION = 5.0;
			};
			name = Debug;
		};
		A1000B100000000100000001 /* Release */ = {
			isa = XCBuildConfiguration;
			buildSettings = {
				CLANG_ENABLE_MODULES = YES;
				CLANG_WARN_BLOCK_CAPTURE_AUTORELEASING = YES;
				CLANG_WARN_BOOL_CONVERSION = YES;
				CLANG_WARN_COMMA = YES;
				CLANG_WARN_CONSTANT_CONVERSION = YES;
				CLANG_WARN_DEPRECATED_OBJC_IMPLEMENTATIONS = YES;
				CLANG_WARN_EMPTY_BODY = YES;
				CLANG_WARN_ENUM_CONVERSION = YES;
				CLANG_WARN_INFINITE_RECURSION = YES;
				CLANG_WARN_INT_CONVERSION = YES;
				CLANG_WARN_NON_LITERAL_NULL_CONVERSION = YES;
				CLANG_WARN_OBJC_IMPLICIT_RETAIN_SELF = YES;
				CLANG_WARN_OBJC_LITERAL_CONVERSION = YES;
				CLANG_WARN_QUOTED_INCLUDE_IN_FRAMEWORK_HEADER = YES;
				CLANG_WARN_RANGE_LOOP_ANALYSIS = YES;
				CLANG_WARN_STRICT_PROTOTYPES = YES;
				CLANG_WARN_SUSPICIOUS_MOVE = YES;
				CLANG_WARN_UNREACHABLE_CODE = YES;
				CLANG_WARN__DUPLICATE_METHOD_MATCH = YES;
				DEAD_CODE_STRIPPING = YES;
				ENABLE_STRICT_OBJC_MSGSEND = YES;
				ENABLE_USER_SCRIPT_SANDBOXING = YES;
				GCC_NO_COMMON_BLOCKS = YES;
				GCC_WARN_64_TO_32_BIT_CONVERSION = YES;
				GCC_WARN_ABOUT_RETURN_TYPE = YES;
				GCC_WARN_UNDECLARED_SELECTOR = YES;
				GCC_WARN_UNINITIALIZED_AUTOS = YES;
				GCC_WARN_UNUSED_FUNCTION = YES;
				GCC_WARN_UNUSED_VARIABLE = YES;
				MACOSX_DEPLOYMENT_TARGET = 15.0;
				SDKROOT = macosx;
				STRING_CATALOG_GENERATE_SYMBOLS = YES;
				SWIFT_COMPILATION_MODE = wholemodule;
				SWIFT_VERSION = 5.0;
			};
			name = Release;
		};
/* End XCBuildConfiguration section */

/* Begin XCConfigurationList section */
		A10007000000000100000001 /* Build configuration list for PBXNativeTarget "ALVA-TEXT" */ = {
			isa = XCConfigurationList;
			buildConfigurations = (
				A1000A000000000100000001 /* Debug */,
				A1000A100000000100000001 /* Release */,
			);
			defaultConfigurationIsVisible = 0;
			defaultConfigurationName = Release;
		};
		A10009000000000100000001 /* Build configuration list for PBXProject "ALVA_TEXT" */ = {
			isa = XCConfigurationList;
			buildConfigurations = (
				A1000B000000000100000001 /* Debug */,
				A1000B100000000100000001 /* Release */,
			);
			defaultConfigurationIsVisible = 0;
			defaultConfigurationName = Release;
		};
/* End XCConfigurationList section */

/* Begin XCRemoteSwiftPackageReference section */
		7F08494C2F98A3B00068FC55 /* XCRemoteSwiftPackageReference "WhisperKit" */ = {
			isa = XCRemoteSwiftPackageReference;
			repositoryURL = "https://github.com/argmaxinc/WhisperKit";
			requirement = {
				branch = main;
				kind = branch;
			};
		};
/* End XCRemoteSwiftPackageReference section */

/* Begin XCSwiftPackageProductDependency section */
		7F08494D2F98A3B00068FC55 /* WhisperKit */ = {
			isa = XCSwiftPackageProductDependency;
			package = 7F08494C2F98A3B00068FC55 /* XCRemoteSwiftPackageReference "WhisperKit" */;
			productName = WhisperKit;
		};
/* End XCSwiftPackageProductDependency section */
	};
	rootObject = A10008000000000100000001 /* Project object */;
}
